// !$*UTF8*$!
{
	archiveVersion = 1;
	classes = {
	};
	objectVersion = 46;
	objects = {

/* Begin PBXBuildFile section */
		6F668DA21C6F33CE00475BCA /* UIColor+IDXA.m in Sources */ = {isa = PBXBuildFile; fileRef = 6F668DA11C6F33CE00475BCA /* UIColor+IDXA.m */; };
		6F668DA81C6F3E5100475BCA /* IDXAMenuView.m in Sources */ = {isa = PBXBuildFile; fileRef = 6F668DA71C6F3E5100475BCA /* IDXAMenuView.m */; };
		6F668DAB1C6F3E7400475BCA /* IDXAMenuViewController.m in Sources */ = {isa = PBXBuildFile; fileRef = 6F668DAA1C6F3E7400475BCA /* IDXAMenuViewController.m */; };
		6F668DAE1C6F409500475BCA /* UIButton+IDXA.m in Sources */ = {isa = PBXBuildFile; fileRef = 6F668DAD1C6F409500475BCA /* UIButton+IDXA.m */; };
		6F668DBA1C6F420500475BCA /* UIFont+IDXA.m in Sources */ = {isa = PBXBuildFile; fileRef = 6F668DB91C6F420500475BCA /* UIFont+IDXA.m */; };
		6F668DBF1C6F423E00475BCA /* CircularStd-Black.otf in Resources */ = {isa = PBXBuildFile; fileRef = 6F668DBB1C6F423E00475BCA /* CircularStd-Black.otf */; };
		6F668DC01C6F423E00475BCA /* CircularStd-Bold.otf in Resources */ = {isa = PBXBuildFile; fileRef = 6F668DBC1C6F423E00475BCA /* CircularStd-Bold.otf */; };
		6F668DC11C6F423E00475BCA /* CircularStd-Book.otf in Resources */ = {isa = PBXBuildFile; fileRef = 6F668DBD1C6F423E00475BCA /* CircularStd-Book.otf */; };
		6F668DC21C6F423E00475BCA /* CircularStd-Medium.otf in Resources */ = {isa = PBXBuildFile; fileRef = 6F668DBE1C6F423E00475BCA /* CircularStd-Medium.otf */; };
		6F668DC91C6F51A800475BCA /* IDXAWhatElseIsOnViewController.m in Sources */ = {isa = PBXBuildFile; fileRef = 6F668DC81C6F51A800475BCA /* IDXAWhatElseIsOnViewController.m */; };
		6F668DCC1C6F556900475BCA /* IDXAWhatElseIsOnView.m in Sources */ = {isa = PBXBuildFile; fileRef = 6F668DCB1C6F556900475BCA /* IDXAWhatElseIsOnView.m */; };
		6F87D41C1C6F25430039A29B /* main.m in Sources */ = {isa = PBXBuildFile; fileRef = 6F87D41B1C6F25430039A29B /* main.m */; };
		6F87D41F1C6F25430039A29B /* AppDelegate.m in Sources */ = {isa = PBXBuildFile; fileRef = 6F87D41E1C6F25430039A29B /* AppDelegate.m */; };
		6F87D4271C6F25430039A29B /* Assets.xcassets in Resources */ = {isa = PBXBuildFile; fileRef = 6F87D4261C6F25430039A29B /* Assets.xcassets */; };
		6F87D42A1C6F25430039A29B /* LaunchScreen.storyboard in Resources */ = {isa = PBXBuildFile; fileRef = 6F87D4281C6F25430039A29B /* LaunchScreen.storyboard */; };
		B60C98D3F83FD8B5EF8FC4FC /* libPods-interaction16.a in Frameworks */ = {isa = PBXBuildFile; fileRef = FE9114A62AFDC94CCA7DAFF7 /* libPods-interaction16.a */; };
/* End PBXBuildFile section */

/* Begin PBXFileReference section */
		0D570BAB5C39CB1CA6BB0A87 /* Pods-interaction16.release.xcconfig */ = {isa = PBXFileReference; includeInIndex = 1; lastKnownFileType = text.xcconfig; name = "Pods-interaction16.release.xcconfig"; path = "Pods/Target Support Files/Pods-interaction16/Pods-interaction16.release.xcconfig"; sourceTree = "<group>"; };
		6F668DA01C6F33CE00475BCA /* UIColor+IDXA.h */ = {isa = PBXFileReference; fileEncoding = 4; lastKnownFileType = sourcecode.c.h; name = "UIColor+IDXA.h"; path = "Helpers/UIColor+IDXA.h"; sourceTree = "<group>"; };
		6F668DA11C6F33CE00475BCA /* UIColor+IDXA.m */ = {isa = PBXFileReference; fileEncoding = 4; lastKnownFileType = sourcecode.c.objc; name = "UIColor+IDXA.m"; path = "Helpers/UIColor+IDXA.m"; sourceTree = "<group>"; };
		6F668DA61C6F3E5100475BCA /* IDXAMenuView.h */ = {isa = PBXFileReference; fileEncoding = 4; lastKnownFileType = sourcecode.c.h; name = IDXAMenuView.h; path = Controllers/Menu/IDXAMenuView.h; sourceTree = "<group>"; };
		6F668DA71C6F3E5100475BCA /* IDXAMenuView.m */ = {isa = PBXFileReference; fileEncoding = 4; lastKnownFileType = sourcecode.c.objc; name = IDXAMenuView.m; path = Controllers/Menu/IDXAMenuView.m; sourceTree = "<group>"; };
		6F668DA91C6F3E7400475BCA /* IDXAMenuViewController.h */ = {isa = PBXFileReference; fileEncoding = 4; lastKnownFileType = sourcecode.c.h; name = IDXAMenuViewController.h; path = Controllers/Menu/IDXAMenuViewController.h; sourceTree = "<group>"; };
		6F668DAA1C6F3E7400475BCA /* IDXAMenuViewController.m */ = {isa = PBXFileReference; fileEncoding = 4; lastKnownFileType = sourcecode.c.objc; name = IDXAMenuViewController.m; path = Controllers/Menu/IDXAMenuViewController.m; sourceTree = "<group>"; };
		6F668DAC1C6F409500475BCA /* UIButton+IDXA.h */ = {isa = PBXFileReference; fileEncoding = 4; lastKnownFileType = sourcecode.c.h; name = "UIButton+IDXA.h"; path = "Helpers/UIButton+IDXA.h"; sourceTree = "<group>"; };
		6F668DAD1C6F409500475BCA /* UIButton+IDXA.m */ = {isa = PBXFileReference; fileEncoding = 4; lastKnownFileType = sourcecode.c.objc; name = "UIButton+IDXA.m"; path = "Helpers/UIButton+IDXA.m"; sourceTree = "<group>"; };
		6F668DB81C6F420500475BCA /* UIFont+IDXA.h */ = {isa = PBXFileReference; fileEncoding = 4; lastKnownFileType = sourcecode.c.h; name = "UIFont+IDXA.h"; path = "Helpers/UIFont+IDXA.h"; sourceTree = "<group>"; };
		6F668DB91C6F420500475BCA /* UIFont+IDXA.m */ = {isa = PBXFileReference; fileEncoding = 4; lastKnownFileType = sourcecode.c.objc; name = "UIFont+IDXA.m"; path = "Helpers/UIFont+IDXA.m"; sourceTree = "<group>"; };
		6F668DBB1C6F423E00475BCA /* CircularStd-Black.otf */ = {isa = PBXFileReference; lastKnownFileType = file; name = "CircularStd-Black.otf"; path = "Fonts/CircularStd-Black.otf"; sourceTree = "<group>"; };
		6F668DBC1C6F423E00475BCA /* CircularStd-Bold.otf */ = {isa = PBXFileReference; lastKnownFileType = file; name = "CircularStd-Bold.otf"; path = "Fonts/CircularStd-Bold.otf"; sourceTree = "<group>"; };
		6F668DBD1C6F423E00475BCA /* CircularStd-Book.otf */ = {isa = PBXFileReference; lastKnownFileType = file; name = "CircularStd-Book.otf"; path = "Fonts/CircularStd-Book.otf"; sourceTree = "<group>"; };
		6F668DBE1C6F423E00475BCA /* CircularStd-Medium.otf */ = {isa = PBXFileReference; lastKnownFileType = file; name = "CircularStd-Medium.otf"; path = "Fonts/CircularStd-Medium.otf"; sourceTree = "<group>"; };
		6F668DC71C6F51A800475BCA /* IDXAWhatElseIsOnViewController.h */ = {isa = PBXFileReference; fileEncoding = 4; lastKnownFileType = sourcecode.c.h; name = IDXAWhatElseIsOnViewController.h; path = Controllers/WhatElse/IDXAWhatElseIsOnViewController.h; sourceTree = "<group>"; };
		6F668DC81C6F51A800475BCA /* IDXAWhatElseIsOnViewController.m */ = {isa = PBXFileReference; fileEncoding = 4; lastKnownFileType = sourcecode.c.objc; name = IDXAWhatElseIsOnViewController.m; path = Controllers/WhatElse/IDXAWhatElseIsOnViewController.m; sourceTree = "<group>"; };
		6F668DCA1C6F556900475BCA /* IDXAWhatElseIsOnView.h */ = {isa = PBXFileReference; fileEncoding = 4; lastKnownFileType = sourcecode.c.h; name = IDXAWhatElseIsOnView.h; path = Controllers/WhatElse/IDXAWhatElseIsOnView.h; sourceTree = "<group>"; };
		6F668DCB1C6F556900475BCA /* IDXAWhatElseIsOnView.m */ = {isa = PBXFileReference; fileEncoding = 4; lastKnownFileType = sourcecode.c.objc; name = IDXAWhatElseIsOnView.m; path = Controllers/WhatElse/IDXAWhatElseIsOnView.m; sourceTree = "<group>"; };
		6F87D4171C6F25430039A29B /* interaction16.app */ = {isa = PBXFileReference; explicitFileType = wrapper.application; includeInIndex = 0; path = interaction16.app; sourceTree = BUILT_PRODUCTS_DIR; };
		6F87D41B1C6F25430039A29B /* main.m */ = {isa = PBXFileReference; lastKnownFileType = sourcecode.c.objc; path = main.m; sourceTree = "<group>"; };
		6F87D41D1C6F25430039A29B /* AppDelegate.h */ = {isa = PBXFileReference; lastKnownFileType = sourcecode.c.h; path = AppDelegate.h; sourceTree = "<group>"; };
		6F87D41E1C6F25430039A29B /* AppDelegate.m */ = {isa = PBXFileReference; lastKnownFileType = sourcecode.c.objc; path = AppDelegate.m; sourceTree = "<group>"; };
		6F87D4261C6F25430039A29B /* Assets.xcassets */ = {isa = PBXFileReference; lastKnownFileType = folder.assetcatalog; path = Assets.xcassets; sourceTree = "<group>"; };
		6F87D4291C6F25430039A29B /* Base */ = {isa = PBXFileReference; lastKnownFileType = file.storyboard; name = Base; path = Base.lproj/LaunchScreen.storyboard; sourceTree = "<group>"; };
		6F87D42B1C6F25430039A29B /* Info.plist */ = {isa = PBXFileReference; lastKnownFileType = text.plist.xml; path = Info.plist; sourceTree = "<group>"; };
		707C2CE9765B9BBCA6D3866C /* Pods-interaction16.debug.xcconfig */ = {isa = PBXFileReference; includeInIndex = 1; lastKnownFileType = text.xcconfig; name = "Pods-interaction16.debug.xcconfig"; path = "Pods/Target Support Files/Pods-interaction16/Pods-interaction16.debug.xcconfig"; sourceTree = "<group>"; };
		FE9114A62AFDC94CCA7DAFF7 /* libPods-interaction16.a */ = {isa = PBXFileReference; explicitFileType = archive.ar; includeInIndex = 0; path = "libPods-interaction16.a"; sourceTree = BUILT_PRODUCTS_DIR; };
/* End PBXFileReference section */

/* Begin PBXFrameworksBuildPhase section */
		6F87D4141C6F25430039A29B /* Frameworks */ = {
			isa = PBXFrameworksBuildPhase;
			buildActionMask = 2147483647;
			files = (
				B60C98D3F83FD8B5EF8FC4FC /* libPods-interaction16.a in Frameworks */,
			);
			runOnlyForDeploymentPostprocessing = 0;
		};
/* End PBXFrameworksBuildPhase section */

/* Begin PBXGroup section */
		0EED1D783B6E94657A397A02 /* Frameworks */ = {
			isa = PBXGroup;
			children = (
				FE9114A62AFDC94CCA7DAFF7 /* libPods-interaction16.a */,
			);
			name = Frameworks;
			sourceTree = "<group>";
		};
		6F668D9F1C6F339F00475BCA /* Helpers */ = {
			isa = PBXGroup;
			children = (
				6F668DAC1C6F409500475BCA /* UIButton+IDXA.h */,
				6F668DAD1C6F409500475BCA /* UIButton+IDXA.m */,
				6F668DA01C6F33CE00475BCA /* UIColor+IDXA.h */,
				6F668DA11C6F33CE00475BCA /* UIColor+IDXA.m */,
				6F668DB81C6F420500475BCA /* UIFont+IDXA.h */,
				6F668DB91C6F420500475BCA /* UIFont+IDXA.m */,
			);
			name = Helpers;
			sourceTree = "<group>";
		};
		6F668DA41C6F3E0D00475BCA /* Controllers */ = {
			isa = PBXGroup;
			children = (
				6F668DC61C6F518800475BCA /* WhatElse */,
				6F668DA51C6F3E1700475BCA /* Menu */,
			);
			name = Controllers;
			sourceTree = "<group>";
		};
		6F668DA51C6F3E1700475BCA /* Menu */ = {
			isa = PBXGroup;
			children = (
				6F668DA61C6F3E5100475BCA /* IDXAMenuView.h */,
				6F668DA71C6F3E5100475BCA /* IDXAMenuView.m */,
				6F668DA91C6F3E7400475BCA /* IDXAMenuViewController.h */,
				6F668DAA1C6F3E7400475BCA /* IDXAMenuViewController.m */,
			);
			name = Menu;
			sourceTree = "<group>";
		};
		6F668DAF1C6F417500475BCA /* Fonts */ = {
			isa = PBXGroup;
			children = (
				6F668DBB1C6F423E00475BCA /* CircularStd-Black.otf */,
				6F668DBC1C6F423E00475BCA /* CircularStd-Bold.otf */,
				6F668DBD1C6F423E00475BCA /* CircularStd-Book.otf */,
				6F668DBE1C6F423E00475BCA /* CircularStd-Medium.otf */,
			);
			name = Fonts;
			sourceTree = "<group>";
		};
		6F668DC61C6F518800475BCA /* WhatElse */ = {
			isa = PBXGroup;
			children = (
				6F668DC71C6F51A800475BCA /* IDXAWhatElseIsOnViewController.h */,
				6F668DC81C6F51A800475BCA /* IDXAWhatElseIsOnViewController.m */,
				6F668DCA1C6F556900475BCA /* IDXAWhatElseIsOnView.h */,
				6F668DCB1C6F556900475BCA /* IDXAWhatElseIsOnView.m */,
			);
			name = WhatElse;
			sourceTree = "<group>";
		};
		6F87D40E1C6F25430039A29B = {
			isa = PBXGroup;
			children = (
				6F87D4191C6F25430039A29B /* interaction16 */,
				6F87D4181C6F25430039A29B /* Products */,
				DFCE96087D752A9B6A72080C /* Pods */,
				0EED1D783B6E94657A397A02 /* Frameworks */,
			);
			sourceTree = "<group>";
		};
		6F87D4181C6F25430039A29B /* Products */ = {
			isa = PBXGroup;
			children = (
				6F87D4171C6F25430039A29B /* interaction16.app */,
			);
			name = Products;
			sourceTree = "<group>";
		};
		6F87D4191C6F25430039A29B /* interaction16 */ = {
			isa = PBXGroup;
			children = (
				6F668DA41C6F3E0D00475BCA /* Controllers */,
				6F668D9F1C6F339F00475BCA /* Helpers */,
				6F87D41A1C6F25430039A29B /* Supporting Files */,
				6F87D41D1C6F25430039A29B /* AppDelegate.h */,
				6F87D41E1C6F25430039A29B /* AppDelegate.m */,
			);
			path = interaction16;
			sourceTree = "<group>";
		};
		6F87D41A1C6F25430039A29B /* Supporting Files */ = {
			isa = PBXGroup;
			children = (
				6F668DAF1C6F417500475BCA /* Fonts */,
				6F87D4281C6F25430039A29B /* LaunchScreen.storyboard */,
				6F87D4261C6F25430039A29B /* Assets.xcassets */,
				6F87D42B1C6F25430039A29B /* Info.plist */,
				6F87D41B1C6F25430039A29B /* main.m */,
			);
			name = "Supporting Files";
			sourceTree = "<group>";
		};
		DFCE96087D752A9B6A72080C /* Pods */ = {
			isa = PBXGroup;
			children = (
				707C2CE9765B9BBCA6D3866C /* Pods-interaction16.debug.xcconfig */,
				0D570BAB5C39CB1CA6BB0A87 /* Pods-interaction16.release.xcconfig */,
			);
			name = Pods;
			sourceTree = "<group>";
		};
/* End PBXGroup section */

/* Begin PBXNativeTarget section */
		6F87D4161C6F25430039A29B /* interaction16 */ = {
			isa = PBXNativeTarget;
			buildConfigurationList = 6F87D42E1C6F25430039A29B /* Build configuration list for PBXNativeTarget "interaction16" */;
			buildPhases = (
				58CAAF5E20D8759CCF2B12E7 /* Check Pods Manifest.lock */,
				6F87D4131C6F25430039A29B /* Sources */,
				6F87D4141C6F25430039A29B /* Frameworks */,
				6F87D4151C6F25430039A29B /* Resources */,
				30F0E0DFFC6EAC36725A6D02 /* Embed Pods Frameworks */,
				425A0ADC55EC29A7C9EBE26B /* Copy Pods Resources */,
			);
			buildRules = (
			);
			dependencies = (
			);
			name = interaction16;
			productName = interaction16;
			productReference = 6F87D4171C6F25430039A29B /* interaction16.app */;
			productType = "com.apple.product-type.application";
		};
/* End PBXNativeTarget section */

/* Begin PBXProject section */
		6F87D40F1C6F25430039A29B /* Project object */ = {
			isa = PBXProject;
			attributes = {
				LastUpgradeCheck = 0720;
				ORGANIZATIONNAME = Futurice;
				TargetAttributes = {
					6F87D4161C6F25430039A29B = {
						CreatedOnToolsVersion = 7.2.1;
					};
				};
			};
			buildConfigurationList = 6F87D4121C6F25430039A29B /* Build configuration list for PBXProject "interaction16" */;
			compatibilityVersion = "Xcode 3.2";
			developmentRegion = English;
			hasScannedForEncodings = 0;
			knownRegions = (
				en,
				Base,
			);
			mainGroup = 6F87D40E1C6F25430039A29B;
			productRefGroup = 6F87D4181C6F25430039A29B /* Products */;
			projectDirPath = "";
			projectRoot = "";
			targets = (
				6F87D4161C6F25430039A29B /* interaction16 */,
			);
		};
/* End PBXProject section */

/* Begin PBXResourcesBuildPhase section */
		6F87D4151C6F25430039A29B /* Resources */ = {
			isa = PBXResourcesBuildPhase;
			buildActionMask = 2147483647;
			files = (
				6F668DC11C6F423E00475BCA /* CircularStd-Book.otf in Resources */,
				6F668DBF1C6F423E00475BCA /* CircularStd-Black.otf in Resources */,
				6F668DC01C6F423E00475BCA /* CircularStd-Bold.otf in Resources */,
				6F87D42A1C6F25430039A29B /* LaunchScreen.storyboard in Resources */,
				6F87D4271C6F25430039A29B /* Assets.xcassets in Resources */,
				6F668DC21C6F423E00475BCA /* CircularStd-Medium.otf in Resources */,
			);
			runOnlyForDeploymentPostprocessing = 0;
		};
/* End PBXResourcesBuildPhase section */

/* Begin PBXShellScriptBuildPhase section */
		30F0E0DFFC6EAC36725A6D02 /* Embed Pods Frameworks */ = {
			isa = PBXShellScriptBuildPhase;
			buildActionMask = 2147483647;
			files = (
			);
			inputPaths = (
			);
			name = "Embed Pods Frameworks";
			outputPaths = (
			);
			runOnlyForDeploymentPostprocessing = 0;
			shellPath = /bin/sh;
			shellScript = "\"${SRCROOT}/Pods/Target Support Files/Pods-interaction16/Pods-interaction16-frameworks.sh\"\n";
			showEnvVarsInLog = 0;
		};
		425A0ADC55EC29A7C9EBE26B /* Copy Pods Resources */ = {
			isa = PBXShellScriptBuildPhase;
			buildActionMask = 2147483647;
			files = (
			);
			inputPaths = (
			);
			name = "Copy Pods Resources";
			outputPaths = (
			);
			runOnlyForDeploymentPostprocessing = 0;
			shellPath = /bin/sh;
			shellScript = "\"${SRCROOT}/Pods/Target Support Files/Pods-interaction16/Pods-interaction16-resources.sh\"\n";
			showEnvVarsInLog = 0;
		};
		58CAAF5E20D8759CCF2B12E7 /* Check Pods Manifest.lock */ = {
			isa = PBXShellScriptBuildPhase;
			buildActionMask = 2147483647;
			files = (
			);
			inputPaths = (
			);
			name = "Check Pods Manifest.lock";
			outputPaths = (
			);
			runOnlyForDeploymentPostprocessing = 0;
			shellPath = /bin/sh;
			shellScript = "diff \"${PODS_ROOT}/../Podfile.lock\" \"${PODS_ROOT}/Manifest.lock\" > /dev/null\nif [[ $? != 0 ]] ; then\n    cat << EOM\nerror: The sandbox is not in sync with the Podfile.lock. Run 'pod install' or update your CocoaPods installation.\nEOM\n    exit 1\nfi\n";
			showEnvVarsInLog = 0;
		};
/* End PBXShellScriptBuildPhase section */

/* Begin PBXSourcesBuildPhase section */
		6F87D4131C6F25430039A29B /* Sources */ = {
			isa = PBXSourcesBuildPhase;
			buildActionMask = 2147483647;
			files = (
				6F87D41F1C6F25430039A29B /* AppDelegate.m in Sources */,
				6F668DBA1C6F420500475BCA /* UIFont+IDXA.m in Sources */,
				6F668DAE1C6F409500475BCA /* UIButton+IDXA.m in Sources */,
				6F668DAB1C6F3E7400475BCA /* IDXAMenuViewController.m in Sources */,
				6F668DC91C6F51A800475BCA /* IDXAWhatElseIsOnViewController.m in Sources */,
				6F87D41C1C6F25430039A29B /* main.m in Sources */,
				6F668DA81C6F3E5100475BCA /* IDXAMenuView.m in Sources */,
				6F668DA21C6F33CE00475BCA /* UIColor+IDXA.m in Sources */,
				6F668DCC1C6F556900475BCA /* IDXAWhatElseIsOnView.m in Sources */,
			);
			runOnlyForDeploymentPostprocessing = 0;
		};
/* End PBXSourcesBuildPhase section */

/* Begin PBXVariantGroup section */
		6F87D4281C6F25430039A29B /* LaunchScreen.storyboard */ = {
			isa = PBXVariantGroup;
			children = (
				6F87D4291C6F25430039A29B /* Base */,
			);
			name = LaunchScreen.storyboard;
			sourceTree = "<group>";
		};
/* End PBXVariantGroup section */

/* Begin XCBuildConfiguration section */
		6F87D42C1C6F25430039A29B /* Debug */ = {
			isa = XCBuildConfiguration;
			buildSettings = {
				ALWAYS_SEARCH_USER_PATHS = NO;
				CLANG_CXX_LANGUAGE_STANDARD = "gnu++0x";
				CLANG_CXX_LIBRARY = "libc++";
				CLANG_ENABLE_MODULES = YES;
				CLANG_ENABLE_OBJC_ARC = YES;
				CLANG_WARN_BOOL_CONVERSION = YES;
				CLANG_WARN_CONSTANT_CONVERSION = YES;
				CLANG_WARN_DIRECT_OBJC_ISA_USAGE = YES_ERROR;
				CLANG_WARN_EMPTY_BODY = YES;
				CLANG_WARN_ENUM_CONVERSION = YES;
				CLANG_WARN_INT_CONVERSION = YES;
				CLANG_WARN_OBJC_ROOT_CLASS = YES_ERROR;
				CLANG_WARN_UNREACHABLE_CODE = YES;
				CLANG_WARN__DUPLICATE_METHOD_MATCH = YES;
				"CODE_SIGN_IDENTITY[sdk=iphoneos*]" = "iPhone Developer";
				COPY_PHASE_STRIP = NO;
				DEBUG_INFORMATION_FORMAT = dwarf;
				ENABLE_STRICT_OBJC_MSGSEND = YES;
				ENABLE_TESTABILITY = YES;
				GCC_C_LANGUAGE_STANDARD = gnu99;
				GCC_DYNAMIC_NO_PIC = NO;
				GCC_NO_COMMON_BLOCKS = YES;
				GCC_OPTIMIZATION_LEVEL = 0;
				GCC_PREPROCESSOR_DEFINITIONS = (
					"DEBUG=1",
					"$(inherited)",
				);
				GCC_WARN_64_TO_32_BIT_CONVERSION = YES;
				GCC_WARN_ABOUT_RETURN_TYPE = YES_ERROR;
				GCC_WARN_UNDECLARED_SELECTOR = YES;
				GCC_WARN_UNINITIALIZED_AUTOS = YES_AGGRESSIVE;
				GCC_WARN_UNUSED_FUNCTION = YES;
				GCC_WARN_UNUSED_VARIABLE = YES;
				IPHONEOS_DEPLOYMENT_TARGET = 8.4;
				MTL_ENABLE_DEBUG_INFO = YES;
				ONLY_ACTIVE_ARCH = YES;
				SDKROOT = iphoneos;
			};
			name = Debug;
		};
		6F87D42D1C6F25430039A29B /* Release */ = {
			isa = XCBuildConfiguration;
			buildSettings = {
				ALWAYS_SEARCH_USER_PATHS = NO;
				CLANG_CXX_LANGUAGE_STANDARD = "gnu++0x";
				CLANG_CXX_LIBRARY = "libc++";
				CLANG_ENABLE_MODULES = YES;
				CLANG_ENABLE_OBJC_ARC = YES;
				CLANG_WARN_BOOL_CONVERSION = YES;
				CLANG_WARN_CONSTANT_CONVERSION = YES;
				CLANG_WARN_DIRECT_OBJC_ISA_USAGE = YES_ERROR;
				CLANG_WARN_EMPTY_BODY = YES;
				CLANG_WARN_ENUM_CONVERSION = YES;
				CLANG_WARN_INT_CONVERSION = YES;
				CLANG_WARN_OBJC_ROOT_CLASS = YES_ERROR;
				CLANG_WARN_UNREACHABLE_CODE = YES;
				CLANG_WARN__DUPLICATE_METHOD_MATCH = YES;
				"CODE_SIGN_IDENTITY[sdk=iphoneos*]" = "iPhone Developer";
				COPY_PHASE_STRIP = NO;
				DEBUG_INFORMATION_FORMAT = "dwarf-with-dsym";
				ENABLE_NS_ASSERTIONS = NO;
				ENABLE_STRICT_OBJC_MSGSEND = YES;
				GCC_C_LANGUAGE_STANDARD = gnu99;
				GCC_NO_COMMON_BLOCKS = YES;
				GCC_WARN_64_TO_32_BIT_CONVERSION = YES;
				GCC_WARN_ABOUT_RETURN_TYPE = YES_ERROR;
				GCC_WARN_UNDECLARED_SELECTOR = YES;
				GCC_WARN_UNINITIALIZED_AUTOS = YES_AGGRESSIVE;
				GCC_WARN_UNUSED_FUNCTION = YES;
				GCC_WARN_UNUSED_VARIABLE = YES;
				IPHONEOS_DEPLOYMENT_TARGET = 8.4;
				MTL_ENABLE_DEBUG_INFO = NO;
				SDKROOT = iphoneos;
				VALIDATE_PRODUCT = YES;
			};
			name = Release;
		};
		6F87D42F1C6F25430039A29B /* Debug */ = {
			isa = XCBuildConfiguration;
			baseConfigurationReference = 707C2CE9765B9BBCA6D3866C /* Pods-interaction16.debug.xcconfig */;
			buildSettings = {
				ASSETCATALOG_COMPILER_APPICON_NAME = AppIcon;
				INFOPLIST_FILE = interaction16/Info.plist;
				LD_RUNPATH_SEARCH_PATHS = "$(inherited) @executable_path/Frameworks";
				PRODUCT_BUNDLE_IDENTIFIER = com.futurice.interaction16;
				PRODUCT_NAME = "$(TARGET_NAME)";
			};
			name = Debug;
		};
		6F87D4301C6F25430039A29B /* Release */ = {
			isa = XCBuildConfiguration;
			baseConfigurationReference = 0D570BAB5C39CB1CA6BB0A87 /* Pods-interaction16.release.xcconfig */;
			buildSettings = {
				ASSETCATALOG_COMPILER_APPICON_NAME = AppIcon;
				INFOPLIST_FILE = interaction16/Info.plist;
				LD_RUNPATH_SEARCH_PATHS = "$(inherited) @executable_path/Frameworks";
				PRODUCT_BUNDLE_IDENTIFIER = com.futurice.interaction16;
				PRODUCT_NAME = "$(TARGET_NAME)";
			};
			name = Release;
		};
/* End XCBuildConfiguration section */

/* Begin XCConfigurationList section */
		6F87D4121C6F25430039A29B /* Build configuration list for PBXProject "interaction16" */ = {
			isa = XCConfigurationList;
			buildConfigurations = (
				6F87D42C1C6F25430039A29B /* Debug */,
				6F87D42D1C6F25430039A29B /* Release */,
			);
			defaultConfigurationIsVisible = 0;
			defaultConfigurationName = Release;
		};
		6F87D42E1C6F25430039A29B /* Build configuration list for PBXNativeTarget "interaction16" */ = {
			isa = XCConfigurationList;
			buildConfigurations = (
				6F87D42F1C6F25430039A29B /* Debug */,
				6F87D4301C6F25430039A29B /* Release */,
			);
			defaultConfigurationIsVisible = 0;
			defaultConfigurationName = Release;
		};
/* End XCConfigurationList section */
	};
	rootObject = 6F87D40F1C6F25430039A29B /* Project object */;
}
